
Microsoft Visual Studio Solution File, Format Version 12.00
# Visual Studio Version 17
VisualStudioVersion = 17.7.34031.279
MinimumVisualStudioVersion = 10.0.40219.1
Project("{FAE04EC0-301F-11D3-BF4B-00C04F79EFBC}") = "Examen-advanced", "Examen-advanced.csproj", "{80B9A762-1ADB-467C-874B-BBD12C94030A}"
EndProject
Global
	GlobalSection(SolutionConfigurationPlatforms) = preSolution
		Debug|Any CPU = Debug|Any CPU
		Release|Any CPU = Release|Any CPU
	EndGlobalSection
	GlobalSection(ProjectConfigurationPlatforms) = postSolution
		{80B9A762-1ADB-467C-874B-BBD12C94030A}.Debug|Any CPU.ActiveCfg = Debug|Any CPU
		{80B9A762-1ADB-467C-874B-BBD12C94030A}.Debug|Any CPU.Build.0 = Debug|Any CPU
		{80B9A762-1ADB-467C-874B-BBD12C94030A}.Release|Any CPU.ActiveCfg = Release|Any CPU
		{80B9A762-1ADB-467C-874B-BBD12C94030A}.Release|Any CPU.Build.0 = Release|Any CPU
	EndGlobalSection
	GlobalSection(SolutionProperties) = preSolution
		HideSolutionNode = FALSE
	EndGlobalSection
	GlobalSection(ExtensibilityGlobals) = postSolution
		SolutionGuid = {CD57D2F3-9A64-4CBA-9BAB-9442CB737679}
	EndGlobalSection
EndGlobal
